// !$*UTF8*$!
{
	archiveVersion = 1;
	classes = {
	};
	objectVersion = 46;
	objects = {

/* Begin PBXBuildFile section */
		76AFA2AC1C9268BD00E30DEB /* AppDelegate.swift in Sources */ = {isa = PBXBuildFile; fileRef = 76AFA2AB1C9268BD00E30DEB /* AppDelegate.swift */; };
		76AFA2AE1C9268BD00E30DEB /* ViewController.swift in Sources */ = {isa = PBXBuildFile; fileRef = 76AFA2AD1C9268BD00E30DEB /* ViewController.swift */; };
		76AFA2B11C9268BD00E30DEB /* Main.storyboard in Resources */ = {isa = PBXBuildFile; fileRef = 76AFA2AF1C9268BD00E30DEB /* Main.storyboard */; };
		76AFA2B31C9268BD00E30DEB /* Assets.xcassets in Resources */ = {isa = PBXBuildFile; fileRef = 76AFA2B21C9268BD00E30DEB /* Assets.xcassets */; };
		76AFA2B61C9268BD00E30DEB /* LaunchScreen.storyboard in Resources */ = {isa = PBXBuildFile; fileRef = 76AFA2B41C9268BD00E30DEB /* LaunchScreen.storyboard */; };
		76AFA2C11C9268BD00E30DEB /* SelfigramTests.swift in Sources */ = {isa = PBXBuildFile; fileRef = 76AFA2C01C9268BD00E30DEB /* SelfigramTests.swift */; };
		76AFA2CC1C9268BD00E30DEB /* SelfigramUITests.swift in Sources */ = {isa = PBXBuildFile; fileRef = 76AFA2CB1C9268BD00E30DEB /* SelfigramUITests.swift */; };
/* End PBXBuildFile section */

/* Begin PBXContainerItemProxy section */
		76AFA2BD1C9268BD00E30DEB /* PBXContainerItemProxy */ = {
			isa = PBXContainerItemProxy;
			containerPortal = 76AFA2A01C9268BD00E30DEB /* Project object */;
			proxyType = 1;
			remoteGlobalIDString = 76AFA2A71C9268BD00E30DEB;
			remoteInfo = Selfigram;
		};
		76AFA2C81C9268BD00E30DEB /* PBXContainerItemProxy */ = {
			isa = PBXContainerItemProxy;
			containerPortal = 76AFA2A01C9268BD00E30DEB /* Project object */;
			proxyType = 1;
			remoteGlobalIDString = 76AFA2A71C9268BD00E30DEB;
			remoteInfo = Selfigram;
		};
/* End PBXContainerItemProxy section */

/* Begin PBXFileReference section */
		76AFA2A81C9268BD00E30DEB /* Selfigram.app */ = {isa = PBXFileReference; explicitFileType = wrapper.application; includeInIndex = 0; path = Selfigram.app; sourceTree = BUILT_PRODUCTS_DIR; };
		76AFA2AB1C9268BD00E30DEB /* AppDelegate.swift */ = {isa = PBXFileReference; lastKnownFileType = sourcecode.swift; path = AppDelegate.swift; sourceTree = "<group>"; };
		76AFA2AD1C9268BD00E30DEB /* ViewController.swift */ = {isa = PBXFileReference; lastKnownFileType = sourcecode.swift; path = ViewController.swift; sourceTree = "<group>"; };
		76AFA2B01C9268BD00E30DEB /* Base */ = {isa = PBXFileReference; lastKnownFileType = file.storyboard; name = Base; path = Base.lproj/Main.storyboard; sourceTree = "<group>"; };
		76AFA2B21C9268BD00E30DEB /* Assets.xcassets */ = {isa = PBXFileReference; lastKnownFileType = folder.assetcatalog; path = Assets.xcassets; sourceTree = "<group>"; };
		76AFA2B51C9268BD00E30DEB /* Base */ = {isa = PBXFileReference; lastKnownFileType = file.storyboard; name = Base; path = Base.lproj/LaunchScreen.storyboard; sourceTree = "<group>"; };
		76AFA2B71C9268BD00E30DEB /* Info.plist */ = {isa = PBXFileReference; lastKnownFileType = text.plist.xml; path = Info.plist; sourceTree = "<group>"; };
		76AFA2BC1C9268BD00E30DEB /* SelfigramTests.xctest */ = {isa = PBXFileReference; explicitFileType = wrapper.cfbundle; includeInIndex = 0; path = SelfigramTests.xctest; sourceTree = BUILT_PRODUCTS_DIR; };
		76AFA2C01C9268BD00E30DEB /* SelfigramTests.swift */ = {isa = PBXFileReference; lastKnownFileType = sourcecode.swift; path = SelfigramTests.swift; sourceTree = "<group>"; };
		76AFA2C21C9268BD00E30DEB /* Info.plist */ = {isa = PBXFileReference; lastKnownFileType = text.plist.xml; path = Info.plist; sourceTree = "<group>"; };
		76AFA2C71C9268BD00E30DEB /* SelfigramUITests.xctest */ = {isa = PBXFileReference; explicitFileType = wrapper.cfbundle; includeInIndex = 0; path = SelfigramUITests.xctest; sourceTree = BUILT_PRODUCTS_DIR; };
		76AFA2CB1C9268BD00E30DEB /* SelfigramUITests.swift */ = {isa = PBXFileReference; lastKnownFileType = sourcecode.swift; path = SelfigramUITests.swift; sourceTree = "<group>"; };
		76AFA2CD1C9268BD00E30DEB /* Info.plist */ = {isa = PBXFileReference; lastKnownFileType = text.plist.xml; path = Info.plist; sourceTree = "<group>"; };
/* End PBXFileReference section */

/* Begin PBXFrameworksBuildPhase section */
		76AFA2A51C9268BD00E30DEB /* Frameworks */ = {
			isa = PBXFrameworksBuildPhase;
			buildActionMask = 2147483647;
			files = (
			);
			runOnlyForDeploymentPostprocessing = 0;
		};
		76AFA2B91C9268BD00E30DEB /* Frameworks */ = {
			isa = PBXFrameworksBuildPhase;
			buildActionMask = 2147483647;
			files = (
			);
			runOnlyForDeploymentPostprocessing = 0;
		};
		76AFA2C41C9268BD00E30DEB /* Frameworks */ = {
			isa = PBXFrameworksBuildPhase;
			buildActionMask = 2147483647;
			files = (
			);
			runOnlyForDeploymentPostprocessing = 0;
		};
/* End PBXFrameworksBuildPhase section */

/* Begin PBXGroup section */
		76AFA29F1C9268BD00E30DEB = {
			isa = PBXGroup;
			children = (
				76AFA2AA1C9268BD00E30DEB /* Selfigram */,
				76AFA2BF1C9268BD00E30DEB /* SelfigramTests */,
				76AFA2CA1C9268BD00E30DEB /* SelfigramUITests */,
				76AFA2A91C9268BD00E30DEB /* Products */,
			);
			sourceTree = "<group>";
		};
		76AFA2A91C9268BD00E30DEB /* Products */ = {
			isa = PBXGroup;
			children = (
				76AFA2A81C9268BD00E30DEB /* Selfigram.app */,
				76AFA2BC1C9268BD00E30DEB /* SelfigramTests.xctest */,
				76AFA2C71C9268BD00E30DEB /* SelfigramUITests.xctest */,
			);
			name = Products;
			sourceTree = "<group>";
		};
		76AFA2AA1C9268BD00E30DEB /* Selfigram */ = {
			isa = PBXGroup;
			children = (
				76AFA2AB1C9268BD00E30DEB /* AppDelegate.swift */,
				76AFA2AD1C9268BD00E30DEB /* ViewController.swift */,
				76AFA2AF1C9268BD00E30DEB /* Main.storyboard */,
				76AFA2B21C9268BD00E30DEB /* Assets.xcassets */,
				76AFA2B41C9268BD00E30DEB /* LaunchScreen.storyboard */,
				76AFA2B71C9268BD00E30DEB /* Info.plist */,
			);
			path = Selfigram;
			sourceTree = "<group>";
		};
		76AFA2BF1C9268BD00E30DEB /* SelfigramTests */ = {
			isa = PBXGroup;
			children = (
				76AFA2C01C9268BD00E30DEB /* SelfigramTests.swift */,
				76AFA2C21C9268BD00E30DEB /* Info.plist */,
			);
			path = SelfigramTests;
			sourceTree = "<group>";
		};
		76AFA2CA1C9268BD00E30DEB /* SelfigramUITests */ = {
			isa = PBXGroup;
			children = (
				76AFA2CB1C9268BD00E30DEB /* SelfigramUITests.swift */,
				76AFA2CD1C9268BD00E30DEB /* Info.plist */,
			);
			path = SelfigramUITests;
			sourceTree = "<group>";
		};
/* End PBXGroup section */

/* Begin PBXNativeTarget section */
		76AFA2A71C9268BD00E30DEB /* Selfigram */ = {
			isa = PBXNativeTarget;
			buildConfigurationList = 76AFA2D01C9268BD00E30DEB /* Build configuration list for PBXNativeTarget "Selfigram" */;
			buildPhases = (
				76AFA2A41C9268BD00E30DEB /* Sources */,
				76AFA2A51C9268BD00E30DEB /* Frameworks */,
				76AFA2A61C9268BD00E30DEB /* Resources */,
			);
			buildRules = (
			);
			dependencies = (
			);
			name = Selfigram;
			productName = Selfigram;
			productReference = 76AFA2A81C9268BD00E30DEB /* Selfigram.app */;
			productType = "com.apple.product-type.application";
		};
		76AFA2BB1C9268BD00E30DEB /* SelfigramTests */ = {
			isa = PBXNativeTarget;
			buildConfigurationList = 76AFA2D31C9268BD00E30DEB /* Build configuration list for PBXNativeTarget "SelfigramTests" */;
			buildPhases = (
				76AFA2B81C9268BD00E30DEB /* Sources */,
				76AFA2B91C9268BD00E30DEB /* Frameworks */,
				76AFA2BA1C9268BD00E30DEB /* Resources */,
			);
			buildRules = (
			);
			dependencies = (
				76AFA2BE1C9268BD00E30DEB /* PBXTargetDependency */,
			);
			name = SelfigramTests;
			productName = SelfigramTests;
			productReference = 76AFA2BC1C9268BD00E30DEB /* SelfigramTests.xctest */;
			productType = "com.apple.product-type.bundle.unit-test";
		};
		76AFA2C61C9268BD00E30DEB /* SelfigramUITests */ = {
			isa = PBXNativeTarget;
			buildConfigurationList = 76AFA2D61C9268BD00E30DEB /* Build configuration list for PBXNativeTarget "SelfigramUITests" */;
			buildPhases = (
				76AFA2C31C9268BD00E30DEB /* Sources */,
				76AFA2C41C9268BD00E30DEB /* Frameworks */,
				76AFA2C51C9268BD00E30DEB /* Resources */,
			);
			buildRules = (
			);
			dependencies = (
				76AFA2C91C9268BD00E30DEB /* PBXTargetDependency */,
			);
			name = SelfigramUITests;
			productName = SelfigramUITests;
			productReference = 76AFA2C71C9268BD00E30DEB /* SelfigramUITests.xctest */;
			productType = "com.apple.product-type.bundle.ui-testing";
		};
/* End PBXNativeTarget section */

/* Begin PBXProject section */
		76AFA2A01C9268BD00E30DEB /* Project object */ = {
			isa = PBXProject;
			attributes = {
				LastSwiftUpdateCheck = 0720;
				LastUpgradeCheck = 0720;
				ORGANIZATIONNAME = "Macoy Jackson";
				TargetAttributes = {
					76AFA2A71C9268BD00E30DEB = {
						CreatedOnToolsVersion = 7.2.1;
					};
					76AFA2BB1C9268BD00E30DEB = {
						CreatedOnToolsVersion = 7.2.1;
						TestTargetID = 76AFA2A71C9268BD00E30DEB;
					};
					76AFA2C61C9268BD00E30DEB = {
						CreatedOnToolsVersion = 7.2.1;
						TestTargetID = 76AFA2A71C9268BD00E30DEB;
					};
				};
			};
			buildConfigurationList = 76AFA2A31C9268BD00E30DEB /* Build configuration list for PBXProject "Selfigram" */;
			compatibilityVersion = "Xcode 3.2";
			developmentRegion = English;
			hasScannedForEncodings = 0;
			knownRegions = (
				en,
				Base,
			);
			mainGroup = 76AFA29F1C9268BD00E30DEB;
			productRefGroup = 76AFA2A91C9268BD00E30DEB /* Products */;
			projectDirPath = "";
			projectRoot = "";
			targets = (
				76AFA2A71C9268BD00E30DEB /* Selfigram */,
				76AFA2BB1C9268BD00E30DEB /* SelfigramTests */,
				76AFA2C61C9268BD00E30DEB /* SelfigramUITests */,
			);
		};
/* End PBXProject section */

/* Begin PBXResourcesBuildPhase section */
		76AFA2A61C9268BD00E30DEB /* Resources */ = {
			isa = PBXResourcesBuildPhase;
			buildActionMask = 2147483647;
			files = (
				76AFA2B61C9268BD00E30DEB /* LaunchScreen.storyboard in Resources */,
				76AFA2B31C9268BD00E30DEB /* Assets.xcassets in Resources */,
				76AFA2B11C9268BD00E30DEB /* Main.storyboard in Resources */,
			);
			runOnlyForDeploymentPostprocessing = 0;
		};
		76AFA2BA1C9268BD00E30DEB /* Resources */ = {
			isa = PBXResourcesBuildPhase;
			buildActionMask = 2147483647;
			files = (
			);
			runOnlyForDeploymentPostprocessing = 0;
		};
		76AFA2C51C9268BD00E30DEB /* Resources */ = {
			isa = PBXResourcesBuildPhase;
			buildActionMask = 2147483647;
			files = (
			);
			runOnlyForDeploymentPostprocessing = 0;
		};
/* End PBXResourcesBuildPhase section */

/* Begin PBXSourcesBuildPhase section */
		76AFA2A41C9268BD00E30DEB /* Sources */ = {
			isa = PBXSourcesBuildPhase;
			buildActionMask = 2147483647;
			files = (
				76AFA2AE1C9268BD00E30DEB /* ViewController.swift in Sources */,
				76AFA2AC1C9268BD00E30DEB /* AppDelegate.swift in Sources */,
			);
			runOnlyForDeploymentPostprocessing = 0;
		};
		76AFA2B81C9268BD00E30DEB /* Sources */ = {
			isa = PBXSourcesBuildPhase;
			buildActionMask = 2147483647;
			files = (
				76AFA2C11C9268BD00E30DEB /* SelfigramTests.swift in Sources */,
			);
			runOnlyForDeploymentPostprocessing = 0;
		};
		76AFA2C31C9268BD00E30DEB /* Sources */ = {
			isa = PBXSourcesBuildPhase;
			buildActionMask = 2147483647;
			files = (
				76AFA2CC1C9268BD00E30DEB /* SelfigramUITests.swift in Sources */,
			);
			runOnlyForDeploymentPostprocessing = 0;
		};
/* End PBXSourcesBuildPhase section */

/* Begin PBXTargetDependency section */
		76AFA2BE1C9268BD00E30DEB /* PBXTargetDependency */ = {
			isa = PBXTargetDependency;
			target = 76AFA2A71C9268BD00E30DEB /* Selfigram */;
			targetProxy = 76AFA2BD1C9268BD00E30DEB /* PBXContainerItemProxy */;
		};
		76AFA2C91C9268BD00E30DEB /* PBXTargetDependency */ = {
			isa = PBXTargetDependency;
			target = 76AFA2A71C9268BD00E30DEB /* Selfigram */;
			targetProxy = 76AFA2C81C9268BD00E30DEB /* PBXContainerItemProxy */;
		};
/* End PBXTargetDependency section */

/* Begin PBXVariantGroup section */
		76AFA2AF1C9268BD00E30DEB /* Main.storyboard */ = {
			isa = PBXVariantGroup;
			children = (
				76AFA2B01C9268BD00E30DEB /* Base */,
			);
			name = Main.storyboard;
			sourceTree = "<group>";
		};
		76AFA2B41C9268BD00E30DEB /* LaunchScreen.storyboard */ = {
			isa = PBXVariantGroup;
			children = (
				76AFA2B51C9268BD00E30DEB /* Base */,
			);
			name = LaunchScreen.storyboard;
			sourceTree = "<group>";
		};
/* End PBXVariantGroup section */

/* Begin XCBuildConfiguration section */
		76AFA2CE1C9268BD00E30DEB /* Debug */ = {
			isa = XCBuildConfiguration;
			buildSettings = {
				ALWAYS_SEARCH_USER_PATHS = NO;
				CLANG_CXX_LANGUAGE_STANDARD = "gnu++0x";
				CLANG_CXX_LIBRARY = "libc++";
				CLANG_ENABLE_MODULES = YES;
				CLANG_ENABLE_OBJC_ARC = YES;
				CLANG_WARN_BOOL_CONVERSION = YES;
				CLANG_WARN_CONSTANT_CONVERSION = YES;
				CLANG_WARN_DIRECT_OBJC_ISA_USAGE = YES_ERROR;
				CLANG_WARN_EMPTY_BODY = YES;
				CLANG_WARN_ENUM_CONVERSION = YES;
				CLANG_WARN_INT_CONVERSION = YES;
				CLANG_WARN_OBJC_ROOT_CLASS = YES_ERROR;
				CLANG_WARN_UNREACHABLE_CODE = YES;
				CLANG_WARN__DUPLICATE_METHOD_MATCH = YES;
				"CODE_SIGN_IDENTITY[sdk=iphoneos*]" = "iPhone Developer";
				COPY_PHASE_STRIP = NO;
				DEBUG_INFORMATION_FORMAT = dwarf;
				ENABLE_STRICT_OBJC_MSGSEND = YES;
				ENABLE_TESTABILITY = YES;
				GCC_C_LANGUAGE_STANDARD = gnu99;
				GCC_DYNAMIC_NO_PIC = NO;
				GCC_NO_COMMON_BLOCKS = YES;
				GCC_OPTIMIZATION_LEVEL = 0;
				GCC_PREPROCESSOR_DEFINITIONS = (
					"DEBUG=1",
					"$(inherited)",
				);
				GCC_WARN_64_TO_32_BIT_CONVERSION = YES;
				GCC_WARN_ABOUT_RETURN_TYPE = YES_ERROR;
				GCC_WARN_UNDECLARED_SELECTOR = YES;
				GCC_WARN_UNINITIALIZED_AUTOS = YES_AGGRESSIVE;
				GCC_WARN_UNUSED_FUNCTION = YES;
				GCC_WARN_UNUSED_VARIABLE = YES;
				IPHONEOS_DEPLOYMENT_TARGET = 9.2;
				MTL_ENABLE_DEBUG_INFO = YES;
				ONLY_ACTIVE_ARCH = YES;
				SDKROOT = iphoneos;
				SWIFT_OPTIMIZATION_LEVEL = "-Onone";
			};
			name = Debug;
		};
		76AFA2CF1C9268BD00E30DEB /* Release */ = {
			isa = XCBuildConfiguration;
			buildSettings = {
				ALWAYS_SEARCH_USER_PATHS = NO;
				CLANG_CXX_LANGUAGE_STANDARD = "gnu++0x";
				CLANG_CXX_LIBRARY = "libc++";
				CLANG_ENABLE_MODULES = YES;
				CLANG_ENABLE_OBJC_ARC = YES;
				CLANG_WARN_BOOL_CONVERSION = YES;
				CLANG_WARN_CONSTANT_CONVERSION = YES;
				CLANG_WARN_DIRECT_OBJC_ISA_USAGE = YES_ERROR;
				CLANG_WARN_EMPTY_BODY = YES;
				CLANG_WARN_ENUM_CONVERSION = YES;
				CLANG_WARN_INT_CONVERSION = YES;
				CLANG_WARN_OBJC_ROOT_CLASS = YES_ERROR;
				CLANG_WARN_UNREACHABLE_CODE = YES;
				CLANG_WARN__DUPLICATE_METHOD_MATCH = YES;
				"CODE_SIGN_IDENTITY[sdk=iphoneos*]" = "iPhone Developer";
				COPY_PHASE_STRIP = NO;
				DEBUG_INFORMATION_FORMAT = "dwarf-with-dsym";
				ENABLE_NS_ASSERTIONS = NO;
				ENABLE_STRICT_OBJC_MSGSEND = YES;
				GCC_C_LANGUAGE_STANDARD = gnu99;
				GCC_NO_COMMON_BLOCKS = YES;
				GCC_WARN_64_TO_32_BIT_CONVERSION = YES;
				GCC_WARN_ABOUT_RETURN_TYPE = YES_ERROR;
				GCC_WARN_UNDECLARED_SELECTOR = YES;
				GCC_WARN_UNINITIALIZED_AUTOS = YES_AGGRESSIVE;
				GCC_WARN_UNUSED_FUNCTION = YES;
				GCC_WARN_UNUSED_VARIABLE = YES;
				IPHONEOS_DEPLOYMENT_TARGET = 9.2;
				MTL_ENABLE_DEBUG_INFO = NO;
				SDKROOT = iphoneos;
				VALIDATE_PRODUCT = YES;
			};
			name = Release;
		};
		76AFA2D11C9268BD00E30DEB /* Debug */ = {
			isa = XCBuildConfiguration;
			buildSettings = {
				ASSETCATALOG_COMPILER_APPICON_NAME = AppIcon;
				INFOPLIST_FILE = Selfigram/Info.plist;
				LD_RUNPATH_SEARCH_PATHS = "$(inherited) @executable_path/Frameworks";
				PRODUCT_BUNDLE_IDENTIFIER = com.macoyjmob.Selfigram;
				PRODUCT_NAME = "$(TARGET_NAME)";
			};
			name = Debug;
		};
		76AFA2D21C9268BD00E30DEB /* Release */ = {
			isa = XCBuildConfiguration;
			buildSettings = {
				ASSETCATALOG_COMPILER_APPICON_NAME = AppIcon;
				INFOPLIST_FILE = Selfigram/Info.plist;
				LD_RUNPATH_SEARCH_PATHS = "$(inherited) @executable_path/Frameworks";
				PRODUCT_BUNDLE_IDENTIFIER = com.macoyjmob.Selfigram;
				PRODUCT_NAME = "$(TARGET_NAME)";
			};
			name = Release;
		};
		76AFA2D41C9268BD00E30DEB /* Debug */ = {
			isa = XCBuildConfiguration;
			buildSettings = {
				BUNDLE_LOADER = "$(TEST_HOST)";
				INFOPLIST_FILE = SelfigramTests/Info.plist;
				LD_RUNPATH_SEARCH_PATHS = "$(inherited) @executable_path/Frameworks @loader_path/Frameworks";
				PRODUCT_BUNDLE_IDENTIFIER = com.macoyjmob.SelfigramTests;
				PRODUCT_NAME = "$(TARGET_NAME)";
				TEST_HOST = "$(BUILT_PRODUCTS_DIR)/Selfigram.app/Selfigram";
			};
			name = Debug;
		};
		76AFA2D51C9268BD00E30DEB /* Release */ = {
			isa = XCBuildConfiguration;
			buildSettings = {
				BUNDLE_LOADER = "$(TEST_HOST)";
				INFOPLIST_FILE = SelfigramTests/Info.plist;
				LD_RUNPATH_SEARCH_PATHS = "$(inherited) @executable_path/Frameworks @loader_path/Frameworks";
				PRODUCT_BUNDLE_IDENTIFIER = com.macoyjmob.SelfigramTests;
				PRODUCT_NAME = "$(TARGET_NAME)";
				TEST_HOST = "$(BUILT_PRODUCTS_DIR)/Selfigram.app/Selfigram";
			};
			name = Release;
		};
		76AFA2D71C9268BD00E30DEB /* Debug */ = {
			isa = XCBuildConfiguration;
			buildSettings = {
				INFOPLIST_FILE = SelfigramUITests/Info.plist;
				LD_RUNPATH_SEARCH_PATHS = "$(inherited) @executable_path/Frameworks @loader_path/Frameworks";
				PRODUCT_BUNDLE_IDENTIFIER = com.macoyjmob.SelfigramUITests;
				PRODUCT_NAME = "$(TARGET_NAME)";
				TEST_TARGET_NAME = Selfigram;
				USES_XCTRUNNER = YES;
			};
			name = Debug;
		};
		76AFA2D81C9268BD00E30DEB /* Release */ = {
			isa = XCBuildConfiguration;
			buildSettings = {
				INFOPLIST_FILE = SelfigramUITests/Info.plist;
				LD_RUNPATH_SEARCH_PATHS = "$(inherited) @executable_path/Frameworks @loader_path/Frameworks";
				PRODUCT_BUNDLE_IDENTIFIER = com.macoyjmob.SelfigramUITests;
				PRODUCT_NAME = "$(TARGET_NAME)";
				TEST_TARGET_NAME = Selfigram;
				USES_XCTRUNNER = YES;
			};
			name = Release;
		};
/* End XCBuildConfiguration section */

/* Begin XCConfigurationList section */
		76AFA2A31C9268BD00E30DEB /* Build configuration list for PBXProject "Selfigram" */ = {
			isa = XCConfigurationList;
			buildConfigurations = (
				76AFA2CE1C9268BD00E30DEB /* Debug */,
				76AFA2CF1C9268BD00E30DEB /* Release */,
			);
			defaultConfigurationIsVisible = 0;
			defaultConfigurationName = Release;
		};
		76AFA2D01C9268BD00E30DEB /* Build configuration list for PBXNativeTarget "Selfigram" */ = {
			isa = XCConfigurationList;
			buildConfigurations = (
				76AFA2D11C9268BD00E30DEB /* Debug */,
				76AFA2D21C9268BD00E30DEB /* Release */,
			);
			defaultConfigurationIsVisible = 0;
		};
		76AFA2D31C9268BD00E30DEB /* Build configuration list for PBXNativeTarget "SelfigramTests" */ = {
			isa = XCConfigurationList;
			buildConfigurations = (
				76AFA2D41C9268BD00E30DEB /* Debug */,
				76AFA2D51C9268BD00E30DEB /* Release */,
			);
			defaultConfigurationIsVisible = 0;
		};
		76AFA2D61C9268BD00E30DEB /* Build configuration list for PBXNativeTarget "SelfigramUITests" */ = {
			isa = XCConfigurationList;
			buildConfigurations = (
				76AFA2D71C9268BD00E30DEB /* Debug */,
				76AFA2D81C9268BD00E30DEB /* Release */,
			);
			defaultConfigurationIsVisible = 0;
		};
/* End XCConfigurationList section */
	};
	rootObject = 76AFA2A01C9268BD00E30DEB /* Project object */;
}
